
Microsoft Visual Studio Solution File, Format Version 12.00
# Visual Studio Version 17
VisualStudioVersion = 17.4.33110.190
MinimumVisualStudioVersion = 10.0.40219.1
Project("{FAE04EC0-301F-11D3-BF4B-00C04F79EFBC}") = "Hermes", "Hermes\Hermes.csproj", "{253A9748-460E-4508-A838-269DB4AFABEE}"
EndProject
Global
	GlobalSection(SolutionConfigurationPlatforms) = preSolution
		Debug|Any CPU = Debug|Any CPU
		Release|Any CPU = Release|Any CPU
	EndGlobalSection
	GlobalSection(ProjectConfigurationPlatforms) = postSolution
		{253A9748-460E-4508-A838-269DB4AFABEE}.Debug|Any CPU.ActiveCfg = Debug|Any CPU
		{253A9748-460E-4508-A838-269DB4AFABEE}.Debug|Any CPU.Build.0 = Debug|Any CPU
		{253A9748-460E-4508-A838-269DB4AFABEE}.Release|Any CPU.ActiveCfg = Release|Any CPU
		{253A9748-460E-4508-A838-269DB4AFABEE}.Release|Any CPU.Build.0 = Release|Any CPU
	EndGlobalSection
	GlobalSection(SolutionProperties) = preSolution
		HideSolutionNode = FALSE
	EndGlobalSection
	GlobalSection(ExtensibilityGlobals) = postSolution
		SolutionGuid = {D50C381C-3B39-4707-A3FE-18D8594B039F}
	EndGlobalSection
EndGlobal
